
Microsoft Visual Studio Solution File, Format Version 11.00
# Visual Studio 2010
Project("{FAE04EC0-301F-11D3-BF4B-00C04F79EFBC}") = "SimpleCombatGame", "Assembly-CSharp.csproj", "{75E2B273-16E1-EA6C-3A19-C8EB97C0A623}"
EndProject
Project("{FAE04EC0-301F-11D3-BF4B-00C04F79EFBC}") = "SimpleCombatGame", "Assembly-CSharp-Editor.csproj", "{953D9BEE-039A-D895-4993-775206970EE4}"
EndProject
Global
	GlobalSection(SolutionConfigurationPlatforms) = preSolution
		Debug|Any CPU = Debug|Any CPU
		Release|Any CPU = Release|Any CPU
	EndGlobalSection
	GlobalSection(ProjectConfigurationPlatforms) = postSolution
		{75E2B273-16E1-EA6C-3A19-C8EB97C0A623}.Debug|Any CPU.ActiveCfg = Debug|Any CPU
		{75E2B273-16E1-EA6C-3A19-C8EB97C0A623}.Debug|Any CPU.Build.0 = Debug|Any CPU
		{75E2B273-16E1-EA6C-3A19-C8EB97C0A623}.Release|Any CPU.ActiveCfg = Release|Any CPU
		{75E2B273-16E1-EA6C-3A19-C8EB97C0A623}.Release|Any CPU.Build.0 = Release|Any CPU
		{953D9BEE-039A-D895-4993-775206970EE4}.Debug|Any CPU.ActiveCfg = Debug|Any CPU
		{953D9BEE-039A-D895-4993-775206970EE4}.Debug|Any CPU.Build.0 = Debug|Any CPU
		{953D9BEE-039A-D895-4993-775206970EE4}.Release|Any CPU.ActiveCfg = Release|Any CPU
		{953D9BEE-039A-D895-4993-775206970EE4}.Release|Any CPU.Build.0 = Release|Any CPU
	EndGlobalSection
	GlobalSection(SolutionProperties) = preSolution
		HideSolutionNode = FALSE
	EndGlobalSection
	GlobalSection(MonoDevelopProperties) = preSolution
		StartupItem = Assembly-CSharp.csproj
	EndGlobalSection
EndGlobal
